
Microsoft Visual Studio Solution File, Format Version 12.00
# Visual Studio Version 17
VisualStudioVersion = 17.5.33502.453
MinimumVisualStudioVersion = 10.0.40219.1
Project("{FAE04EC0-301F-11D3-BF4B-00C04F79EFBC}") = "cricket_oop", "cricket_oop.csproj", "{8BC5952F-BBA5-40E1-A0C2-4AB9E97D8250}"
EndProject
Global
	GlobalSection(SolutionConfigurationPlatforms) = preSolution
		Debug|Any CPU = Debug|Any CPU
		Release|Any CPU = Release|Any CPU
	EndGlobalSection
	GlobalSection(ProjectConfigurationPlatforms) = postSolution
		{8BC5952F-BBA5-40E1-A0C2-4AB9E97D8250}.Debug|Any CPU.ActiveCfg = Debug|Any CPU
		{8BC5952F-BBA5-40E1-A0C2-4AB9E97D8250}.Debug|Any CPU.Build.0 = Debug|Any CPU
		{8BC5952F-BBA5-40E1-A0C2-4AB9E97D8250}.Release|Any CPU.ActiveCfg = Release|Any CPU
		{8BC5952F-BBA5-40E1-A0C2-4AB9E97D8250}.Release|Any CPU.Build.0 = Release|Any CPU
	EndGlobalSection
	GlobalSection(SolutionProperties) = preSolution
		HideSolutionNode = FALSE
	EndGlobalSection
	GlobalSection(ExtensibilityGlobals) = postSolution
		SolutionGuid = {747F44FC-D4FF-4790-A896-4648DBB7DD96}
	EndGlobalSection
EndGlobal
