
Microsoft Visual Studio Solution File, Format Version 12.00
# Visual Studio Version 17
VisualStudioVersion = 17.5.33502.453
MinimumVisualStudioVersion = 10.0.40219.1
Project("{FAE04EC0-301F-11D3-BF4B-00C04F79EFBC}") = "task_day4", "task_day4.csproj", "{337E816B-B8CF-4C83-98D0-8908B737E95C}"
EndProject
Global
	GlobalSection(SolutionConfigurationPlatforms) = preSolution
		Debug|Any CPU = Debug|Any CPU
		Release|Any CPU = Release|Any CPU
	EndGlobalSection
	GlobalSection(ProjectConfigurationPlatforms) = postSolution
		{337E816B-B8CF-4C83-98D0-8908B737E95C}.Debug|Any CPU.ActiveCfg = Debug|Any CPU
		{337E816B-B8CF-4C83-98D0-8908B737E95C}.Debug|Any CPU.Build.0 = Debug|Any CPU
		{337E816B-B8CF-4C83-98D0-8908B737E95C}.Release|Any CPU.ActiveCfg = Release|Any CPU
		{337E816B-B8CF-4C83-98D0-8908B737E95C}.Release|Any CPU.Build.0 = Release|Any CPU
	EndGlobalSection
	GlobalSection(SolutionProperties) = preSolution
		HideSolutionNode = FALSE
	EndGlobalSection
	GlobalSection(ExtensibilityGlobals) = postSolution
		SolutionGuid = {7E2545F3-30EE-4223-AF1A-6110E210E3AE}
	EndGlobalSection
EndGlobal
